// !$*UTF8*$!
{
	archiveVersion = 1;
	classes = {
	};
	objectVersion = 56;
	objects = {

/* Begin PBXBuildFile section */
		82575D022B702A190011358F /* FruitApp.swift in Sources */ = {isa = PBXBuildFile; fileRef = 82575D012B702A190011358F /* FruitApp.swift */; };
		82575D042B702A190011358F /* HomeView.swift in Sources */ = {isa = PBXBuildFile; fileRef = 82575D032B702A190011358F /* HomeView.swift */; };
		82575D092B702A1A0011358F /* Preview Assets.xcassets in Resources */ = {isa = PBXBuildFile; fileRef = 82575D082B702A1A0011358F /* Preview Assets.xcassets */; };
		82575D102B702A3F0011358F /* Assets.xcassets in Resources */ = {isa = PBXBuildFile; fileRef = 82575D0F2B702A3F0011358F /* Assets.xcassets */; };
		82575D162B702ABD0011358F /* CardComponent.swift in Sources */ = {isa = PBXBuildFile; fileRef = 82575D152B702ABD0011358F /* CardComponent.swift */; };
		82575D1A2B702D7D0011358F /* CardViewModel.swift in Sources */ = {isa = PBXBuildFile; fileRef = 82575D192B702D7D0011358F /* CardViewModel.swift */; };
		82575D1F2B702DE50011358F /* FruitModel.swift in Sources */ = {isa = PBXBuildFile; fileRef = 82575D1E2B702DE50011358F /* FruitModel.swift */; };
		82575D222B7034BE0011358F /* OnboardingView.swift in Sources */ = {isa = PBXBuildFile; fileRef = 82575D212B7034BE0011358F /* OnboardingView.swift */; };
		82B87C5B2B782103003B24F9 /* ListRowView.swift in Sources */ = {isa = PBXBuildFile; fileRef = 82B87C5A2B782103003B24F9 /* ListRowView.swift */; };
		82B87C5D2B78253E003B24F9 /* imageViewerView.swift in Sources */ = {isa = PBXBuildFile; fileRef = 82B87C5C2B78253E003B24F9 /* imageViewerView.swift */; };
/* End PBXBuildFile section */

/* Begin PBXFileReference section */
		82575CFE2B702A190011358F /* Fruit.app */ = {isa = PBXFileReference; explicitFileType = wrapper.application; includeInIndex = 0; path = Fruit.app; sourceTree = BUILT_PRODUCTS_DIR; };
		82575D012B702A190011358F /* FruitApp.swift */ = {isa = PBXFileReference; lastKnownFileType = sourcecode.swift; path = FruitApp.swift; sourceTree = "<group>"; };
		82575D032B702A190011358F /* HomeView.swift */ = {isa = PBXFileReference; lastKnownFileType = sourcecode.swift; path = HomeView.swift; sourceTree = "<group>"; };
		82575D082B702A1A0011358F /* Preview Assets.xcassets */ = {isa = PBXFileReference; lastKnownFileType = folder.assetcatalog; path = "Preview Assets.xcassets"; sourceTree = "<group>"; };
		82575D0F2B702A3F0011358F /* Assets.xcassets */ = {isa = PBXFileReference; lastKnownFileType = folder.assetcatalog; name = Assets.xcassets; path = "../../../../Downloads/Fructus iOS 16/Fructus/Assets.xcassets"; sourceTree = "<group>"; };
		82575D132B702A850011358F /* Assets.xcassets */ = {isa = PBXFileReference; lastKnownFileType = folder.assetcatalog; path = Assets.xcassets; sourceTree = "<group>"; };
		82575D152B702ABD0011358F /* CardComponent.swift */ = {isa = PBXFileReference; lastKnownFileType = sourcecode.swift; path = CardComponent.swift; sourceTree = "<group>"; };
		82575D192B702D7D0011358F /* CardViewModel.swift */ = {isa = PBXFileReference; lastKnownFileType = sourcecode.swift; path = CardViewModel.swift; sourceTree = "<group>"; };
		82575D1E2B702DE50011358F /* FruitModel.swift */ = {isa = PBXFileReference; lastKnownFileType = sourcecode.swift; path = FruitModel.swift; sourceTree = "<group>"; };
		82575D212B7034BE0011358F /* OnboardingView.swift */ = {isa = PBXFileReference; lastKnownFileType = sourcecode.swift; path = OnboardingView.swift; sourceTree = "<group>"; };
		82B87C5A2B782103003B24F9 /* ListRowView.swift */ = {isa = PBXFileReference; lastKnownFileType = sourcecode.swift; path = ListRowView.swift; sourceTree = "<group>"; };
		82B87C5C2B78253E003B24F9 /* imageViewerView.swift */ = {isa = PBXFileReference; lastKnownFileType = sourcecode.swift; path = imageViewerView.swift; sourceTree = "<group>"; };
/* End PBXFileReference section */

/* Begin PBXFrameworksBuildPhase section */
		82575CFB2B702A190011358F /* Frameworks */ = {
			isa = PBXFrameworksBuildPhase;
			buildActionMask = 2147483647;
			files = (
			);
			runOnlyForDeploymentPostprocessing = 0;
		};
/* End PBXFrameworksBuildPhase section */

/* Begin PBXGroup section */
		82575CF52B702A190011358F = {
			isa = PBXGroup;
			children = (
				82575D002B702A190011358F /* Fruit */,
				82575CFF2B702A190011358F /* Products */,
			);
			sourceTree = "<group>";
		};
		82575CFF2B702A190011358F /* Products */ = {
			isa = PBXGroup;
			children = (
				82575CFE2B702A190011358F /* Fruit.app */,
			);
			name = Products;
			sourceTree = "<group>";
		};
		82575D002B702A190011358F /* Fruit */ = {
			isa = PBXGroup;
			children = (
				82575D122B702A7F0011358F /* Core */,
				82575D112B702A760011358F /* App */,
				82575D0F2B702A3F0011358F /* Assets.xcassets */,
				82575D072B702A1A0011358F /* Preview Content */,
			);
			path = Fruit;
			sourceTree = "<group>";
		};
		82575D072B702A1A0011358F /* Preview Content */ = {
			isa = PBXGroup;
			children = (
				82575D082B702A1A0011358F /* Preview Assets.xcassets */,
			);
			path = "Preview Content";
			sourceTree = "<group>";
		};
		82575D112B702A760011358F /* App */ = {
			isa = PBXGroup;
			children = (
				82575D142B702A990011358F /* OnBoardingView */,
				82B87C582B781F71003B24F9 /* HomeView */,
			);
			path = App;
			sourceTree = "<group>";
		};
		82575D122B702A7F0011358F /* Core */ = {
			isa = PBXGroup;
			children = (
				82575D132B702A850011358F /* Assets.xcassets */,
				82575D012B702A190011358F /* FruitApp.swift */,
			);
			path = Core;
			sourceTree = "<group>";
		};
		82575D142B702A990011358F /* OnBoardingView */ = {
			isa = PBXGroup;
			children = (
				82575D1D2B702DBA0011358F /* View */,
				82575D1B2B702DA80011358F /* ViewModel */,
				82575D1C2B702DB00011358F /* Model */,
			);
			path = OnBoardingView;
			sourceTree = "<group>";
		};
		82575D1B2B702DA80011358F /* ViewModel */ = {
			isa = PBXGroup;
			children = (
				82575D192B702D7D0011358F /* CardViewModel.swift */,
			);
			path = ViewModel;
			sourceTree = "<group>";
		};
		82575D1C2B702DB00011358F /* Model */ = {
			isa = PBXGroup;
			children = (
				82575D1E2B702DE50011358F /* FruitModel.swift */,
			);
			path = Model;
			sourceTree = "<group>";
		};
		82575D1D2B702DBA0011358F /* View */ = {
			isa = PBXGroup;
			children = (
				82575D202B7034AA0011358F /* Component */,
				82575D212B7034BE0011358F /* OnboardingView.swift */,
			);
			path = View;
			sourceTree = "<group>";
		};
		82575D202B7034AA0011358F /* Component */ = {
			isa = PBXGroup;
			children = (
				82575D152B702ABD0011358F /* CardComponent.swift */,
			);
			path = Component;
			sourceTree = "<group>";
		};
		82B87C582B781F71003B24F9 /* HomeView */ = {
			isa = PBXGroup;
			children = (
				82B87C592B7820DD003B24F9 /* Component */,
				82575D032B702A190011358F /* HomeView.swift */,
			);
			path = HomeView;
			sourceTree = "<group>";
		};
		82B87C592B7820DD003B24F9 /* Component */ = {
			isa = PBXGroup;
			children = (
				82B87C5A2B782103003B24F9 /* ListRowView.swift */,
				82B87C5C2B78253E003B24F9 /* imageViewerView.swift */,
			);
			path = Component;
			sourceTree = "<group>";
		};
/* End PBXGroup section */

/* Begin PBXNativeTarget section */
		82575CFD2B702A190011358F /* Fruit */ = {
			isa = PBXNativeTarget;
			buildConfigurationList = 82575D0C2B702A1A0011358F /* Build configuration list for PBXNativeTarget "Fruit" */;
			buildPhases = (
				82575CFA2B702A190011358F /* Sources */,
				82575CFB2B702A190011358F /* Frameworks */,
				82575CFC2B702A190011358F /* Resources */,
			);
			buildRules = (
			);
			dependencies = (
			);
			name = Fruit;
			productName = Fruit;
			productReference = 82575CFE2B702A190011358F /* Fruit.app */;
			productType = "com.apple.product-type.application";
		};
/* End PBXNativeTarget section */

/* Begin PBXProject section */
		82575CF62B702A190011358F /* Project object */ = {
			isa = PBXProject;
			attributes = {
				BuildIndependentTargetsInParallel = 1;
				LastSwiftUpdateCheck = 1510;
				LastUpgradeCheck = 1510;
				TargetAttributes = {
					82575CFD2B702A190011358F = {
						CreatedOnToolsVersion = 15.1;
					};
				};
			};
			buildConfigurationList = 82575CF92B702A190011358F /* Build configuration list for PBXProject "Fruit" */;
			compatibilityVersion = "Xcode 14.0";
			developmentRegion = en;
			hasScannedForEncodings = 0;
			knownRegions = (
				en,
				Base,
			);
			mainGroup = 82575CF52B702A190011358F;
			productRefGroup = 82575CFF2B702A190011358F /* Products */;
			projectDirPath = "";
			projectRoot = "";
			targets = (
				82575CFD2B702A190011358F /* Fruit */,
			);
		};
/* End PBXProject section */

/* Begin PBXResourcesBuildPhase section */
		82575CFC2B702A190011358F /* Resources */ = {
			isa = PBXResourcesBuildPhase;
			buildActionMask = 2147483647;
			files = (
				82575D092B702A1A0011358F /* Preview Assets.xcassets in Resources */,
				82575D102B702A3F0011358F /* Assets.xcassets in Resources */,
			);
			runOnlyForDeploymentPostprocessing = 0;
		};
/* End PBXResourcesBuildPhase section */

/* Begin PBXSourcesBuildPhase section */
		82575CFA2B702A190011358F /* Sources */ = {
			isa = PBXSourcesBuildPhase;
			buildActionMask = 2147483647;
			files = (
				82B87C5D2B78253E003B24F9 /* imageViewerView.swift in Sources */,
				82575D1A2B702D7D0011358F /* CardViewModel.swift in Sources */,
				82B87C5B2B782103003B24F9 /* ListRowView.swift in Sources */,
				82575D162B702ABD0011358F /* CardComponent.swift in Sources */,
				82575D1F2B702DE50011358F /* FruitModel.swift in Sources */,
				82575D222B7034BE0011358F /* OnboardingView.swift in Sources */,
				82575D042B702A190011358F /* HomeView.swift in Sources */,
				82575D022B702A190011358F /* FruitApp.swift in Sources */,
			);
			runOnlyForDeploymentPostprocessing = 0;
		};
/* End PBXSourcesBuildPhase section */

/* Begin XCBuildConfiguration section */
		82575D0A2B702A1A0011358F /* Debug */ = {
			isa = XCBuildConfiguration;
			buildSettings = {
				ALWAYS_SEARCH_USER_PATHS = NO;
				ASSETCATALOG_COMPILER_GENERATE_SWIFT_ASSET_SYMBOL_EXTENSIONS = YES;
				CLANG_ANALYZER_NONNULL = YES;
				CLANG_ANALYZER_NUMBER_OBJECT_CONVERSION = YES_AGGRESSIVE;
				CLANG_CXX_LANGUAGE_STANDARD = "gnu++20";
				CLANG_ENABLE_MODULES = YES;
				CLANG_ENABLE_OBJC_ARC = YES;
				CLANG_ENABLE_OBJC_WEAK = YES;
				CLANG_WARN_BLOCK_CAPTURE_AUTORELEASING = YES;
				CLANG_WARN_BOOL_CONVERSION = YES;
				CLANG_WARN_COMMA = YES;
				CLANG_WARN_CONSTANT_CONVERSION = YES;
				CLANG_WARN_DEPRECATED_OBJC_IMPLEMENTATIONS = YES;
				CLANG_WARN_DIRECT_OBJC_ISA_USAGE = YES_ERROR;
				CLANG_WARN_DOCUMENTATION_COMMENTS = YES;
				CLANG_WARN_EMPTY_BODY = YES;
				CLANG_WARN_ENUM_CONVERSION = YES;
				CLANG_WARN_INFINITE_RECURSION = YES;
				CLANG_WARN_INT_CONVERSION = YES;
				CLANG_WARN_NON_LITERAL_NULL_CONVERSION = YES;
				CLANG_WARN_OBJC_IMPLICIT_RETAIN_SELF = YES;
				CLANG_WARN_OBJC_LITERAL_CONVERSION = YES;
				CLANG_WARN_OBJC_ROOT_CLASS = YES_ERROR;
				CLANG_WARN_QUOTED_INCLUDE_IN_FRAMEWORK_HEADER = YES;
				CLANG_WARN_RANGE_LOOP_ANALYSIS = YES;
				CLANG_WARN_STRICT_PROTOTYPES = YES;
				CLANG_WARN_SUSPICIOUS_MOVE = YES;
				CLANG_WARN_UNGUARDED_AVAILABILITY = YES_AGGRESSIVE;
				CLANG_WARN_UNREACHABLE_CODE = YES;
				CLANG_WARN__DUPLICATE_METHOD_MATCH = YES;
				COPY_PHASE_STRIP = NO;
				DEBUG_INFORMATION_FORMAT = dwarf;
				ENABLE_STRICT_OBJC_MSGSEND = YES;
				ENABLE_TESTABILITY = YES;
				ENABLE_USER_SCRIPT_SANDBOXING = YES;
				GCC_C_LANGUAGE_STANDARD = gnu17;
				GCC_DYNAMIC_NO_PIC = NO;
				GCC_NO_COMMON_BLOCKS = YES;
				GCC_OPTIMIZATION_LEVEL = 0;
				GCC_PREPROCESSOR_DEFINITIONS = (
					"DEBUG=1",
					"$(inherited)",
				);
				GCC_WARN_64_TO_32_BIT_CONVERSION = YES;
				GCC_WARN_ABOUT_RETURN_TYPE = YES_ERROR;
				GCC_WARN_UNDECLARED_SELECTOR = YES;
				GCC_WARN_UNINITIALIZED_AUTOS = YES_AGGRESSIVE;
				GCC_WARN_UNUSED_FUNCTION = YES;
				GCC_WARN_UNUSED_VARIABLE = YES;
				IPHONEOS_DEPLOYMENT_TARGET = 17.2;
				LOCALIZATION_PREFERS_STRING_CATALOGS = YES;
				MTL_ENABLE_DEBUG_INFO = INCLUDE_SOURCE;
				MTL_FAST_MATH = YES;
				ONLY_ACTIVE_ARCH = YES;
				SDKROOT = iphoneos;
				SWIFT_ACTIVE_COMPILATION_CONDITIONS = "DEBUG $(inherited)";
				SWIFT_OPTIMIZATION_LEVEL = "-Onone";
			};
			name = Debug;
		};
		82575D0B2B702A1A0011358F /* Release */ = {
			isa = XCBuildConfiguration;
			buildSettings = {
				ALWAYS_SEARCH_USER_PATHS = NO;
				ASSETCATALOG_COMPILER_GENERATE_SWIFT_ASSET_SYMBOL_EXTENSIONS = YES;
				CLANG_ANALYZER_NONNULL = YES;
				CLANG_ANALYZER_NUMBER_OBJECT_CONVERSION = YES_AGGRESSIVE;
				CLANG_CXX_LANGUAGE_STANDARD = "gnu++20";
				CLANG_ENABLE_MODULES = YES;
				CLANG_ENABLE_OBJC_ARC = YES;
				CLANG_ENABLE_OBJC_WEAK = YES;
				CLANG_WARN_BLOCK_CAPTURE_AUTORELEASING = YES;
				CLANG_WARN_BOOL_CONVERSION = YES;
				CLANG_WARN_COMMA = YES;
				CLANG_WARN_CONSTANT_CONVERSION = YES;
				CLANG_WARN_DEPRECATED_OBJC_IMPLEMENTATIONS = YES;
				CLANG_WARN_DIRECT_OBJC_ISA_USAGE = YES_ERROR;
				CLANG_WARN_DOCUMENTATION_COMMENTS = YES;
				CLANG_WARN_EMPTY_BODY = YES;
				CLANG_WARN_ENUM_CONVERSION = YES;
				CLANG_WARN_INFINITE_RECURSION = YES;
				CLANG_WARN_INT_CONVERSION = YES;
				CLANG_WARN_NON_LITERAL_NULL_CONVERSION = YES;
				CLANG_WARN_OBJC_IMPLICIT_RETAIN_SELF = YES;
				CLANG_WARN_OBJC_LITERAL_CONVERSION = YES;
				CLANG_WARN_OBJC_ROOT_CLASS = YES_ERROR;
				CLANG_WARN_QUOTED_INCLUDE_IN_FRAMEWORK_HEADER = YES;
				CLANG_WARN_RANGE_LOOP_ANALYSIS = YES;
				CLANG_WARN_STRICT_PROTOTYPES = YES;
				CLANG_WARN_SUSPICIOUS_MOVE = YES;
				CLANG_WARN_UNGUARDED_AVAILABILITY = YES_AGGRESSIVE;
				CLANG_WARN_UNREACHABLE_CODE = YES;
				CLANG_WARN__DUPLICATE_METHOD_MATCH = YES;
				COPY_PHASE_STRIP = NO;
				DEBUG_INFORMATION_FORMAT = "dwarf-with-dsym";
				ENABLE_NS_ASSERTIONS = NO;
				ENABLE_STRICT_OBJC_MSGSEND = YES;
				ENABLE_USER_SCRIPT_SANDBOXING = YES;
				GCC_C_LANGUAGE_STANDARD = gnu17;
				GCC_NO_COMMON_BLOCKS = YES;
				GCC_WARN_64_TO_32_BIT_CONVERSION = YES;
				GCC_WARN_ABOUT_RETURN_TYPE = YES_ERROR;
				GCC_WARN_UNDECLARED_SELECTOR = YES;
				GCC_WARN_UNINITIALIZED_AUTOS = YES_AGGRESSIVE;
				GCC_WARN_UNUSED_FUNCTION = YES;
				GCC_WARN_UNUSED_VARIABLE = YES;
				IPHONEOS_DEPLOYMENT_TARGET = 17.2;
				LOCALIZATION_PREFERS_STRING_CATALOGS = YES;
				MTL_ENABLE_DEBUG_INFO = NO;
				MTL_FAST_MATH = YES;
				SDKROOT = iphoneos;
				SWIFT_COMPILATION_MODE = wholemodule;
				VALIDATE_PRODUCT = YES;
			};
			name = Release;
		};
		82575D0D2B702A1A0011358F /* Debug */ = {
			isa = XCBuildConfiguration;
			buildSettings = {
				ASSETCATALOG_COMPILER_APPICON_NAME = AppIcon;
				ASSETCATALOG_COMPILER_GLOBAL_ACCENT_COLOR_NAME = AccentColor;
				CODE_SIGN_STYLE = Automatic;
				CURRENT_PROJECT_VERSION = 1;
				DEVELOPMENT_ASSET_PATHS = "\"Fruit/Preview Content\"";
				ENABLE_PREVIEWS = YES;
				GENERATE_INFOPLIST_FILE = YES;
				INFOPLIST_KEY_UIApplicationSceneManifest_Generation = YES;
				INFOPLIST_KEY_UIApplicationSupportsIndirectInputEvents = YES;
				INFOPLIST_KEY_UILaunchScreen_Generation = YES;
				INFOPLIST_KEY_UISupportedInterfaceOrientations_iPad = "UIInterfaceOrientationPortrait UIInterfaceOrientationPortraitUpsideDown UIInterfaceOrientationLandscapeLeft UIInterfaceOrientationLandscapeRight";
				INFOPLIST_KEY_UISupportedInterfaceOrientations_iPhone = "UIInterfaceOrientationPortrait UIInterfaceOrientationLandscapeLeft UIInterfaceOrientationLandscapeRight";
				LD_RUNPATH_SEARCH_PATHS = (
					"$(inherited)",
					"@executable_path/Frameworks",
				);
				MARKETING_VERSION = 1.0;
				PRODUCT_BUNDLE_IDENTIFIER = com.aait.Fruit;
				PRODUCT_NAME = "$(TARGET_NAME)";
				SWIFT_EMIT_LOC_STRINGS = YES;
				SWIFT_VERSION = 5.0;
				TARGETED_DEVICE_FAMILY = "1,2";
			};
			name = Debug;
		};
		82575D0E2B702A1A0011358F /* Release */ = {
			isa = XCBuildConfiguration;
			buildSettings = {
				ASSETCATALOG_COMPILER_APPICON_NAME = AppIcon;
				ASSETCATALOG_COMPILER_GLOBAL_ACCENT_COLOR_NAME = AccentColor;
				CODE_SIGN_STYLE = Automatic;
				CURRENT_PROJECT_VERSION = 1;
				DEVELOPMENT_ASSET_PATHS = "\"Fruit/Preview Content\"";
				ENABLE_PREVIEWS = YES;
				GENERATE_INFOPLIST_FILE = YES;
				INFOPLIST_KEY_UIApplicationSceneManifest_Generation = YES;
				INFOPLIST_KEY_UIApplicationSupportsIndirectInputEvents = YES;
				INFOPLIST_KEY_UILaunchScreen_Generation = YES;
				INFOPLIST_KEY_UISupportedInterfaceOrientations_iPad = "UIInterfaceOrientationPortrait UIInterfaceOrientationPortraitUpsideDown UIInterfaceOrientationLandscapeLeft UIInterfaceOrientationLandscapeRight";
				INFOPLIST_KEY_UISupportedInterfaceOrientations_iPhone = "UIInterfaceOrientationPortrait UIInterfaceOrientationLandscapeLeft UIInterfaceOrientationLandscapeRight";
				LD_RUNPATH_SEARCH_PATHS = (
					"$(inherited)",
					"@executable_path/Frameworks",
				);
				MARKETING_VERSION = 1.0;
				PRODUCT_BUNDLE_IDENTIFIER = com.aait.Fruit;
				PRODUCT_NAME = "$(TARGET_NAME)";
				SWIFT_EMIT_LOC_STRINGS = YES;
				SWIFT_VERSION = 5.0;
				TARGETED_DEVICE_FAMILY = "1,2";
			};
			name = Release;
		};
/* End XCBuildConfiguration section */

/* Begin XCConfigurationList section */
		82575CF92B702A190011358F /* Build configuration list for PBXProject "Fruit" */ = {
			isa = XCConfigurationList;
			buildConfigurations = (
				82575D0A2B702A1A0011358F /* Debug */,
				82575D0B2B702A1A0011358F /* Release */,
			);
			defaultConfigurationIsVisible = 0;
			defaultConfigurationName = Release;
		};
		82575D0C2B702A1A0011358F /* Build configuration list for PBXNativeTarget "Fruit" */ = {
			isa = XCConfigurationList;
			buildConfigurations = (
				82575D0D2B702A1A0011358F /* Debug */,
				82575D0E2B702A1A0011358F /* Release */,
			);
			defaultConfigurationIsVisible = 0;
			defaultConfigurationName = Release;
		};
/* End XCConfigurationList section */
	};
	rootObject = 82575CF62B702A190011358F /* Project object */;
}
